{
  "nodes": {
    "flake-compat": {
      "flake": false,
      "locked": {
        "lastModified": 1627557337,
        "narHash": "sha256-S/Aab7AcDS+MopcnkEWu0j3qOGLLaMw1E8VWWQOD+Q8=",
        "owner": "edolstra",
        "repo": "flake-compat",
        "rev": "c6f3b635321160c629b74fefc88c807b59a51646",
        "type": "github"
      },
      "original": {
        "owner": "edolstra",
        "repo": "flake-compat",
        "type": "github"
      }
    },
    "nixpkgs": {
      "locked": {
        "lastModified": 1627128856,
        "narHash": "sha256-yw3lA8zyNFhj309lmxvNByEEymRT1rRy5oE+jEPnsP4=",
        "owner": "NixOS",
        "repo": "nixpkgs",
        "rev": "dd14e5d78e90a2ccd6007e569820de9b4861a6c2",
        "type": "github"
      },
      "original": {
        "owner": "NixOS",
        "ref": "nixos-unstable",
        "repo": "nixpkgs",
        "type": "github"
      }
    },
    "root": {
      "inputs": {
        "flake-compat": "flake-compat",
        "nixpkgs": "nixpkgs",
        "utils": "utils"
      }
    },
    "utils": {
      "locked": {
        "lastModified": 1623875721,
        "narHash": "sha256-A8BU7bjS5GirpAUv4QA+QnJ4CceLHkcXdRp4xITDB0s=",
        "owner": "numtide",
        "repo": "flake-utils",
        "rev": "f7e004a55b120c02ecb6219596820fcd32ca8772",
        "type": "github"
      },
      "original": {
        "owner": "numtide",
        "repo": "flake-utils",
        "type": "github"
      }
    }
  },
  "root": "root",
  "version": 7
}
